
Microsoft Visual Studio Solution File, Format Version 12.00
# Visual Studio Version 17
VisualStudioVersion = 17.8.34511.84
MinimumVisualStudioVersion = 10.0.40219.1
Project("{FAE04EC0-301F-11D3-BF4B-00C04F79EFBC}") = "TaskApi-Mediporta", "TaskApi-Mediporta.csproj", "{BA932224-1590-4685-BBF9-54BDA665E78D}"
EndProject
Global
	GlobalSection(SolutionConfigurationPlatforms) = preSolution
		Debug|Any CPU = Debug|Any CPU
		Release|Any CPU = Release|Any CPU
	EndGlobalSection
	GlobalSection(ProjectConfigurationPlatforms) = postSolution
		{BA932224-1590-4685-BBF9-54BDA665E78D}.Debug|Any CPU.ActiveCfg = Debug|Any CPU
		{BA932224-1590-4685-BBF9-54BDA665E78D}.Debug|Any CPU.Build.0 = Debug|Any CPU
		{BA932224-1590-4685-BBF9-54BDA665E78D}.Release|Any CPU.ActiveCfg = Release|Any CPU
		{BA932224-1590-4685-BBF9-54BDA665E78D}.Release|Any CPU.Build.0 = Release|Any CPU
	EndGlobalSection
	GlobalSection(SolutionProperties) = preSolution
		HideSolutionNode = FALSE
	EndGlobalSection
	GlobalSection(ExtensibilityGlobals) = postSolution
		SolutionGuid = {AA7D4A67-CF35-41A9-84DD-1EC47332CC76}
	EndGlobalSection
EndGlobal
